
Microsoft Visual Studio Solution File, Format Version 12.00
# Visual Studio 15
VisualStudioVersion = 15.0.26403.3
MinimumVisualStudioVersion = 10.0.40219.1
Project("{FAE04EC0-301F-11D3-BF4B-00C04F79EFBC}") = "GigHub", "GigHub\GigHub.csproj", "{A2C2C502-0FC9-4EB1-9201-EC4D7B0CE700}"
EndProject
Project("{FAE04EC0-301F-11D3-BF4B-00C04F79EFBC}") = "GigHub.Tests", "GigHub.Tests\GigHub.Tests.csproj", "{52351295-935D-4362-9EB1-35073CB43417}"
EndProject
Project("{FAE04EC0-301F-11D3-BF4B-00C04F79EFBC}") = "GigHub.IntegrationTests", "GigHub.IntegrationTests\GigHub.IntegrationTests.csproj", "{D7C3C414-BA16-4464-866B-A5998F22B90D}"
EndProject
Global
	GlobalSection(SolutionConfigurationPlatforms) = preSolution
		Debug|Any CPU = Debug|Any CPU
		Release|Any CPU = Release|Any CPU
	EndGlobalSection
	GlobalSection(ProjectConfigurationPlatforms) = postSolution
		{A2C2C502-0FC9-4EB1-9201-EC4D7B0CE700}.Debug|Any CPU.ActiveCfg = Debug|Any CPU
		{A2C2C502-0FC9-4EB1-9201-EC4D7B0CE700}.Debug|Any CPU.Build.0 = Debug|Any CPU
		{A2C2C502-0FC9-4EB1-9201-EC4D7B0CE700}.Release|Any CPU.ActiveCfg = Release|Any CPU
		{A2C2C502-0FC9-4EB1-9201-EC4D7B0CE700}.Release|Any CPU.Build.0 = Release|Any CPU
		{52351295-935D-4362-9EB1-35073CB43417}.Debug|Any CPU.ActiveCfg = Debug|Any CPU
		{52351295-935D-4362-9EB1-35073CB43417}.Debug|Any CPU.Build.0 = Debug|Any CPU
		{52351295-935D-4362-9EB1-35073CB43417}.Release|Any CPU.ActiveCfg = Release|Any CPU
		{52351295-935D-4362-9EB1-35073CB43417}.Release|Any CPU.Build.0 = Release|Any CPU
		{D7C3C414-BA16-4464-866B-A5998F22B90D}.Debug|Any CPU.ActiveCfg = Debug|Any CPU
		{D7C3C414-BA16-4464-866B-A5998F22B90D}.Debug|Any CPU.Build.0 = Debug|Any CPU
		{D7C3C414-BA16-4464-866B-A5998F22B90D}.Release|Any CPU.ActiveCfg = Release|Any CPU
		{D7C3C414-BA16-4464-866B-A5998F22B90D}.Release|Any CPU.Build.0 = Release|Any CPU
	EndGlobalSection
	GlobalSection(SolutionProperties) = preSolution
		HideSolutionNode = FALSE
	EndGlobalSection
	GlobalSection(TeamFoundationVersionControl) = preSolution
		SccNumberOfProjects = 4
		SccEnterpriseProvider = {4CA58AB2-18FA-4F8D-95D4-32DDF27D184C}
		SccTeamFoundationServer = https://aiweizhengproject.visualstudio.com/
		SccLocalPath0 = .
		SccProjectUniqueName1 = GigHub\\GigHub.csproj
		SccProjectName1 = GigHub
		SccLocalPath1 = GigHub
		SccProjectUniqueName2 = GigHub.Tests\\GigHub.Tests.csproj
		SccProjectName2 = GigHub.Tests
		SccLocalPath2 = GigHub.Tests
		SccProjectUniqueName3 = GigHub.IntegrationTests\\GigHub.IntegrationTests.csproj
		SccProjectName3 = GigHub.IntegrationTests
		SccLocalPath3 = GigHub.IntegrationTests
	EndGlobalSection
EndGlobal
